Microsoft Visual Studio Solution File, Format Version 12.00
# Visual Studio Version 16
VisualStudioVersion = 16.0.28803.352
MinimumVisualStudioVersion = 10.0.40219.1
Project("{FAE04EC0-301F-11D3-BF4B-00C04F79EFBC}") = "TempAR -Vita Version", "TempAR -Vita Version.csproj", "{2BC49A28-766E-4D9B-9EAA-6C3982EC3818}"
EndProject
Global
	GlobalSection(SolutionConfigurationPlatforms) = preSolution
		Debug|Any CPU = Debug|Any CPU
		Release|Any CPU = Release|Any CPU
	EndGlobalSection
	GlobalSection(ProjectConfigurationPlatforms) = postSolution
		{2BC49A28-766E-4D9B-9EAA-6C3982EC3818}.Debug|Any CPU.ActiveCfg = Debug|Any CPU
		{2BC49A28-766E-4D9B-9EAA-6C3982EC3818}.Debug|Any CPU.Build.0 = Debug|Any CPU
		{2BC49A28-766E-4D9B-9EAA-6C3982EC3818}.Release|Any CPU.ActiveCfg = Release|Any CPU
		{2BC49A28-766E-4D9B-9EAA-6C3982EC3818}.Release|Any CPU.Build.0 = Release|Any CPU
	EndGlobalSection
	GlobalSection(SolutionProperties) = preSolution
		HideSolutionNode = FALSE
	EndGlobalSection
	GlobalSection(ExtensibilityGlobals) = postSolution
		SolutionGuid = {39FC6206-0D83-4535-9415-0914932CB9F0}
	EndGlobalSection
EndGlobal
